
Microsoft Visual Studio Solution File, Format Version 12.00
# Visual Studio Version 17
VisualStudioVersion = 17.8.34525.116
MinimumVisualStudioVersion = 10.0.40219.1
Project("{FAE04EC0-301F-11D3-BF4B-00C04F79EFBC}") = "UdemyCourse", "UdemyCourse.csproj", "{78736F86-53B3-4CFF-B838-ADE9BDB04E4D}"
EndProject
Global
	GlobalSection(SolutionConfigurationPlatforms) = preSolution
		Debug|Any CPU = Debug|Any CPU
		Release|Any CPU = Release|Any CPU
	EndGlobalSection
	GlobalSection(ProjectConfigurationPlatforms) = postSolution
		{78736F86-53B3-4CFF-B838-ADE9BDB04E4D}.Debug|Any CPU.ActiveCfg = Debug|Any CPU
		{78736F86-53B3-4CFF-B838-ADE9BDB04E4D}.Debug|Any CPU.Build.0 = Debug|Any CPU
		{78736F86-53B3-4CFF-B838-ADE9BDB04E4D}.Release|Any CPU.ActiveCfg = Release|Any CPU
		{78736F86-53B3-4CFF-B838-ADE9BDB04E4D}.Release|Any CPU.Build.0 = Release|Any CPU
	EndGlobalSection
	GlobalSection(SolutionProperties) = preSolution
		HideSolutionNode = FALSE
	EndGlobalSection
	GlobalSection(ExtensibilityGlobals) = postSolution
		SolutionGuid = {C81F6883-CBBA-45AD-BBA7-034C0073B5F1}
	EndGlobalSection
EndGlobal
